
Microsoft Visual Studio Solution File, Format Version 12.00
# Visual Studio 2013
VisualStudioVersion = 12.0.40629.0
MinimumVisualStudioVersion = 10.0.40219.1
Project("{FAE04EC0-301F-11D3-BF4B-00C04F79EFBC}") = "TaskTracker.UI", "TaskTracker.UI\TaskTracker.UI.csproj", "{8154B9FC-A4E6-4EED-8D45-AC01F4FBCA66}"
EndProject
Project("{FAE04EC0-301F-11D3-BF4B-00C04F79EFBC}") = "TaskTracker_Tests", "TaskTracker_Tests\TaskTracker_Tests.csproj", "{22780123-236E-4AB4-B8C0-682C5CB7F682}"
EndProject
Global
	GlobalSection(SolutionConfigurationPlatforms) = preSolution
		Debug|Any CPU = Debug|Any CPU
		Release|Any CPU = Release|Any CPU
	EndGlobalSection
	GlobalSection(ProjectConfigurationPlatforms) = postSolution
		{8154B9FC-A4E6-4EED-8D45-AC01F4FBCA66}.Debug|Any CPU.ActiveCfg = Debug|Any CPU
		{8154B9FC-A4E6-4EED-8D45-AC01F4FBCA66}.Debug|Any CPU.Build.0 = Debug|Any CPU
		{8154B9FC-A4E6-4EED-8D45-AC01F4FBCA66}.Release|Any CPU.ActiveCfg = Release|Any CPU
		{8154B9FC-A4E6-4EED-8D45-AC01F4FBCA66}.Release|Any CPU.Build.0 = Release|Any CPU
		{22780123-236E-4AB4-B8C0-682C5CB7F682}.Debug|Any CPU.ActiveCfg = Debug|Any CPU
		{22780123-236E-4AB4-B8C0-682C5CB7F682}.Debug|Any CPU.Build.0 = Debug|Any CPU
		{22780123-236E-4AB4-B8C0-682C5CB7F682}.Release|Any CPU.ActiveCfg = Release|Any CPU
		{22780123-236E-4AB4-B8C0-682C5CB7F682}.Release|Any CPU.Build.0 = Release|Any CPU
	EndGlobalSection
	GlobalSection(SolutionProperties) = preSolution
		HideSolutionNode = FALSE
	EndGlobalSection
EndGlobal
